
Microsoft Visual Studio Solution File, Format Version 12.00
Project("{FAE04EC0-301F-11D3-BF4B-00C04F79EFBC}") = "ConferenceApplicationServiceApi", "ConferenceApplicationServiceApi\ConferenceApplicationServiceApi.csproj", "{0C0D741C-E39E-42BC-8287-1F4AF8781A64}"
EndProject
Project("{2150E333-8FDC-42A3-9474-1A3956D46DE8}") = "src", "src", "{A574181F-62B7-4A35-80AA-96D0147B4A31}"
EndProject
Project("{FAE04EC0-301F-11D3-BF4B-00C04F79EFBC}") = "ApplicationsService.Infrastracture", "ApplicationsService.Infrastracture\ApplicationsService.Infrastracture.csproj", "{AF0151A5-E27F-4646-8CFF-63CA59D2CC82}"
EndProject
Project("{FAE04EC0-301F-11D3-BF4B-00C04F79EFBC}") = "ApplicationsService.Domain", "ApplicationsService.Domain\ApplicationsService.Domain.csproj", "{4937A623-231C-425C-8A9D-3EECC3B387BC}"
EndProject
Project("{FAE04EC0-301F-11D3-BF4B-00C04F79EFBC}") = "ApplicationsService.Application", "ApplicationsService.Application\ApplicationsService.Application.csproj", "{BA055234-38B6-4A94-A64E-B3A2410DEACE}"
EndProject
Project("{2150E333-8FDC-42A3-9474-1A3956D46DE8}") = "Shared", "Shared", "{80CC9073-08B7-4B0F-8A9D-5C086843B9ED}"
EndProject
Project("{FAE04EC0-301F-11D3-BF4B-00C04F79EFBC}") = "ApplicationsService.Abstractions", "ApplicationsService.Abstractions\ApplicationsService.Abstractions.csproj", "{3578DCA6-563B-47BC-9C69-C2FBBAF35CE9}"
EndProject
Global
	GlobalSection(SolutionConfigurationPlatforms) = preSolution
		Debug|Any CPU = Debug|Any CPU
		Release|Any CPU = Release|Any CPU
	EndGlobalSection
	GlobalSection(ProjectConfigurationPlatforms) = postSolution
		{0C0D741C-E39E-42BC-8287-1F4AF8781A64}.Debug|Any CPU.ActiveCfg = Debug|Any CPU
		{0C0D741C-E39E-42BC-8287-1F4AF8781A64}.Debug|Any CPU.Build.0 = Debug|Any CPU
		{0C0D741C-E39E-42BC-8287-1F4AF8781A64}.Release|Any CPU.ActiveCfg = Release|Any CPU
		{0C0D741C-E39E-42BC-8287-1F4AF8781A64}.Release|Any CPU.Build.0 = Release|Any CPU
		{AF0151A5-E27F-4646-8CFF-63CA59D2CC82}.Debug|Any CPU.ActiveCfg = Debug|Any CPU
		{AF0151A5-E27F-4646-8CFF-63CA59D2CC82}.Debug|Any CPU.Build.0 = Debug|Any CPU
		{AF0151A5-E27F-4646-8CFF-63CA59D2CC82}.Release|Any CPU.ActiveCfg = Release|Any CPU
		{AF0151A5-E27F-4646-8CFF-63CA59D2CC82}.Release|Any CPU.Build.0 = Release|Any CPU
		{4937A623-231C-425C-8A9D-3EECC3B387BC}.Debug|Any CPU.ActiveCfg = Debug|Any CPU
		{4937A623-231C-425C-8A9D-3EECC3B387BC}.Debug|Any CPU.Build.0 = Debug|Any CPU
		{4937A623-231C-425C-8A9D-3EECC3B387BC}.Release|Any CPU.ActiveCfg = Release|Any CPU
		{4937A623-231C-425C-8A9D-3EECC3B387BC}.Release|Any CPU.Build.0 = Release|Any CPU
		{BA055234-38B6-4A94-A64E-B3A2410DEACE}.Debug|Any CPU.ActiveCfg = Debug|Any CPU
		{BA055234-38B6-4A94-A64E-B3A2410DEACE}.Debug|Any CPU.Build.0 = Debug|Any CPU
		{BA055234-38B6-4A94-A64E-B3A2410DEACE}.Release|Any CPU.ActiveCfg = Release|Any CPU
		{BA055234-38B6-4A94-A64E-B3A2410DEACE}.Release|Any CPU.Build.0 = Release|Any CPU
		{3578DCA6-563B-47BC-9C69-C2FBBAF35CE9}.Debug|Any CPU.ActiveCfg = Debug|Any CPU
		{3578DCA6-563B-47BC-9C69-C2FBBAF35CE9}.Debug|Any CPU.Build.0 = Debug|Any CPU
		{3578DCA6-563B-47BC-9C69-C2FBBAF35CE9}.Release|Any CPU.ActiveCfg = Release|Any CPU
		{3578DCA6-563B-47BC-9C69-C2FBBAF35CE9}.Release|Any CPU.Build.0 = Release|Any CPU
	EndGlobalSection
	GlobalSection(NestedProjects) = preSolution
		{0C0D741C-E39E-42BC-8287-1F4AF8781A64} = {A574181F-62B7-4A35-80AA-96D0147B4A31}
		{AF0151A5-E27F-4646-8CFF-63CA59D2CC82} = {A574181F-62B7-4A35-80AA-96D0147B4A31}
		{4937A623-231C-425C-8A9D-3EECC3B387BC} = {A574181F-62B7-4A35-80AA-96D0147B4A31}
		{BA055234-38B6-4A94-A64E-B3A2410DEACE} = {A574181F-62B7-4A35-80AA-96D0147B4A31}
		{80CC9073-08B7-4B0F-8A9D-5C086843B9ED} = {A574181F-62B7-4A35-80AA-96D0147B4A31}
		{3578DCA6-563B-47BC-9C69-C2FBBAF35CE9} = {80CC9073-08B7-4B0F-8A9D-5C086843B9ED}
	EndGlobalSection
EndGlobal
